
Microsoft Visual Studio Solution File, Format Version 12.00
# Visual Studio Version 17
VisualStudioVersion = 17.3.32901.215
MinimumVisualStudioVersion = 10.0.40219.1
Project("{FAE04EC0-301F-11D3-BF4B-00C04F79EFBC}") = "BulkyBook", "BulkyBook\BulkyBook.csproj", "{7C8410BE-753C-479E-85A6-9CAD7A44A0FD}"
EndProject
Global
	GlobalSection(SolutionConfigurationPlatforms) = preSolution
		Debug|Any CPU = Debug|Any CPU
		Release|Any CPU = Release|Any CPU
	EndGlobalSection
	GlobalSection(ProjectConfigurationPlatforms) = postSolution
		{7C8410BE-753C-479E-85A6-9CAD7A44A0FD}.Debug|Any CPU.ActiveCfg = Debug|Any CPU
		{7C8410BE-753C-479E-85A6-9CAD7A44A0FD}.Debug|Any CPU.Build.0 = Debug|Any CPU
		{7C8410BE-753C-479E-85A6-9CAD7A44A0FD}.Release|Any CPU.ActiveCfg = Release|Any CPU
		{7C8410BE-753C-479E-85A6-9CAD7A44A0FD}.Release|Any CPU.Build.0 = Release|Any CPU
	EndGlobalSection
	GlobalSection(SolutionProperties) = preSolution
		HideSolutionNode = FALSE
	EndGlobalSection
	GlobalSection(ExtensibilityGlobals) = postSolution
		SolutionGuid = {427CB1D4-9AF9-4844-BB37-98EFF1708BC7}
	EndGlobalSection
EndGlobal
